{
  "version": 4,
  "terraform_version": "1.9.7",
  "serial": 160,
  "lineage": "e62f7f83-95a8-9bd5-edda-57018875f299",
  "outputs": {
    "ALL_HOSTS": {
      "value": "192.168.122.227 192.168.122.225 192.168.122.84",
      "type": "string"
    },
    "vm_ips": {
      "value": {
        "server01": "192.168.122.227",
        "server02": "192.168.122.225",
        "server03": "192.168.122.84"
      },
      "type": [
        "object",
        {
          "server01": "string",
          "server02": "string",
          "server03": "string"
        }
      ]
    }
  },
  "resources": [
    {
      "mode": "managed",
      "type": "libvirt_cloudinit_disk",
      "name": "commoninit",
      "provider": "provider[\"registry.terraform.io/dmacvicar/libvirt\"]",
      "instances": [
        {
          "schema_version": 0,
          "attributes": {
            "id": "/var/lib/libvirt/images/commoninit.iso;f32836e8-e5eb-4180-a970-8cac1bcbf834",
            "meta_data": "",
            "name": "commoninit.iso",
            "network_config": "network:\n  version: 2\n  ethernets:\n    ens3:\n      set-name: ens3\n      dhcp4: true\n      dhcp6: false\n      dhcp4-overrides:\n        hostname: aap11emc6\n        send-hostname: true\n\n",
            "pool": "default",
            "user_data": "#cloud-config\n\nhostname: testws\n\nusers:\n  - default\n  - name: ec2-user\n    sudo: ['ALL=(ALL) NOPASSWD:ALL']\n    groups: sudo\n    shell: /bin/bash\n    ssh-authorized-keys:\n      - ssh-rsa AAAAB3NzaC1yc2EAAAADAQABAAABAQCeitOJI+ncEww0dDCVrpL+unlUp+X1EIqzCT9ys+PmQTSZDwjLjBteQYqIoXrhFf51laHuYgwLZhBy46wHnn/Kpvl2PRhDSaNtTxnXk3ot0B/g8CI2z3/gs+tyxK1kITGf22tTeRKV1EhG24KjWRnEt/bi9V5da44Y9axGgmtiOBdZncSqq5Wap4Sgb1USNai6gQMUHhrw8uIzRDNTrwvKKZXZIzDMokFns75LhWj8CE6bRkwTZIKEtXO9GuXOUqyqHBCa8YtgK9o+J+I+U6xI9DA2sOePvQ62JMaYtEdbm39bcbwwjRQSrCbfCIqQSXczgXjjSsl92JEIB+Lu0g/r lsnahcdm@lnx\n    passwd: Ems12345\n    lock_passwd: false\n\n\npackage_upgrade: false\n\n"
          },
          "sensitive_attributes": [],
          "private": "bnVsbA=="
        }
      ]
    },
    {
      "module": "module.server[\"server01\"]",
      "mode": "managed",
      "type": "libvirt_domain",
      "name": "vm",
      "provider": "provider[\"registry.terraform.io/dmacvicar/libvirt\"]",
      "instances": [
        {
          "schema_version": 0,
          "attributes": {
            "arch": "x86_64",
            "autostart": false,
            "boot_device": [
              {
                "dev": [
                  "cdrom",
                  "hd"
                ]
              }
            ],
            "cloudinit": "/var/lib/libvirt/images/commoninit.iso;f32836e8-e5eb-4180-a970-8cac1bcbf834",
            "cmdline": null,
            "console": [
              {
                "source_host": "127.0.0.1",
                "source_path": "",
                "source_service": "0",
                "target_port": "0",
                "target_type": "serial",
                "type": "pty"
              }
            ],
            "coreos_ignition": null,
            "cpu": [
              {
                "mode": "host-passthrough"
              }
            ],
            "description": "",
            "disk": [
              {
                "block_device": "",
                "file": "",
                "scsi": true,
                "url": "",
                "volume_id": "/var/lib/libvirt/images/server01-disk",
                "wwn": "05abcdac6b2e45a6"
              }
            ],
            "emulator": "/usr/bin/qemu-system-x86_64",
            "filesystem": [],
            "firmware": "/usr/share/OVMF/OVMF_CODE_4M.fd",
            "fw_cfg_name": "opt/com.coreos/config",
            "graphics": [
              {
                "autoport": true,
                "listen_address": "127.0.0.1",
                "listen_type": "none",
                "type": "spice",
                "websocket": 0
              }
            ],
            "id": "fdc03d8c-35df-46c4-8ad1-b1580e624500",
            "initrd": "",
            "kernel": "",
            "machine": "ubuntu",
            "memory": 2048,
            "metadata": null,
            "name": "server01",
            "network_interface": [
              {
                "addresses": [
                  "192.168.122.227"
                ],
                "bridge": "",
                "hostname": "",
                "mac": "52:54:00:1E:47:7C",
                "macvtap": "",
                "network_id": "bf901e84-94e0-4c52-bc04-b1176a677a27",
                "network_name": "default",
                "passthrough": "",
                "vepa": "",
                "wait_for_lease": true
              }
            ],
            "nvram": [
              {
                "file": "/var/lib/libvirt/qemu/nvram/server01_VARS.fd",
                "template": "/usr/share/OVMF/OVMF_VARS_4M.fd"
              }
            ],
            "qemu_agent": false,
            "running": true,
            "timeouts": null,
            "tpm": [],
            "vcpu": 2,
            "video": [],
            "xml": []
          },
          "sensitive_attributes": [],
          "private": "eyJlMmJmYjczMC1lY2FhLTExZTYtOGY4OC0zNDM2M2JjN2M0YzAiOnsiY3JlYXRlIjozMDAwMDAwMDAwMDB9fQ==",
          "dependencies": [
            "libvirt_cloudinit_disk.commoninit",
            "module.server.libvirt_volume.vm_disk"
          ]
        }
      ]
    },
    {
      "module": "module.server[\"server01\"]",
      "mode": "managed",
      "type": "libvirt_volume",
      "name": "vm_disk",
      "provider": "provider[\"registry.terraform.io/dmacvicar/libvirt\"]",
      "instances": [
        {
          "schema_version": 0,
          "attributes": {
            "base_volume_id": null,
            "base_volume_name": null,
            "base_volume_pool": null,
            "format": "qcow2",
            "id": "/var/lib/libvirt/images/server01-disk",
            "name": "server01-disk",
            "pool": "default",
            "size": 26843545600,
            "source": "/var/lib/libvirt/images/amazon/al2023-kvm-2023.5.20240916.0-kernel-6.1-x86_64.xfs.gpt.qcow2",
            "xml": []
          },
          "sensitive_attributes": [],
          "private": "bnVsbA=="
        }
      ]
    },
    {
      "module": "module.server[\"server02\"]",
      "mode": "managed",
      "type": "libvirt_domain",
      "name": "vm",
      "provider": "provider[\"registry.terraform.io/dmacvicar/libvirt\"]",
      "instances": [
        {
          "schema_version": 0,
          "attributes": {
            "arch": "x86_64",
            "autostart": false,
            "boot_device": [
              {
                "dev": [
                  "cdrom",
                  "hd"
                ]
              }
            ],
            "cloudinit": "/var/lib/libvirt/images/commoninit.iso;f32836e8-e5eb-4180-a970-8cac1bcbf834",
            "cmdline": null,
            "console": [
              {
                "source_host": "127.0.0.1",
                "source_path": "",
                "source_service": "0",
                "target_port": "0",
                "target_type": "serial",
                "type": "pty"
              }
            ],
            "coreos_ignition": null,
            "cpu": [
              {
                "mode": "host-passthrough"
              }
            ],
            "description": "",
            "disk": [
              {
                "block_device": "",
                "file": "",
                "scsi": true,
                "url": "",
                "volume_id": "/var/lib/libvirt/images/server02-disk",
                "wwn": "05abcd6e4e40a75a"
              }
            ],
            "emulator": "/usr/bin/qemu-system-x86_64",
            "filesystem": [],
            "firmware": "/usr/share/OVMF/OVMF_CODE_4M.fd",
            "fw_cfg_name": "opt/com.coreos/config",
            "graphics": [
              {
                "autoport": true,
                "listen_address": "127.0.0.1",
                "listen_type": "none",
                "type": "spice",
                "websocket": 0
              }
            ],
            "id": "4f29085e-9820-4e62-9236-2875684591b5",
            "initrd": "",
            "kernel": "",
            "machine": "ubuntu",
            "memory": 2048,
            "metadata": null,
            "name": "server02",
            "network_interface": [
              {
                "addresses": [
                  "192.168.122.225"
                ],
                "bridge": "",
                "hostname": "",
                "mac": "52:54:00:DA:E9:6C",
                "macvtap": "",
                "network_id": "bf901e84-94e0-4c52-bc04-b1176a677a27",
                "network_name": "default",
                "passthrough": "",
                "vepa": "",
                "wait_for_lease": true
              }
            ],
            "nvram": [
              {
                "file": "/var/lib/libvirt/qemu/nvram/server02_VARS.fd",
                "template": "/usr/share/OVMF/OVMF_VARS_4M.fd"
              }
            ],
            "qemu_agent": false,
            "running": true,
            "timeouts": null,
            "tpm": [],
            "vcpu": 2,
            "video": [],
            "xml": []
          },
          "sensitive_attributes": [],
          "private": "eyJlMmJmYjczMC1lY2FhLTExZTYtOGY4OC0zNDM2M2JjN2M0YzAiOnsiY3JlYXRlIjozMDAwMDAwMDAwMDB9fQ==",
          "dependencies": [
            "libvirt_cloudinit_disk.commoninit",
            "module.server.libvirt_volume.vm_disk"
          ]
        }
      ]
    },
    {
      "module": "module.server[\"server02\"]",
      "mode": "managed",
      "type": "libvirt_volume",
      "name": "vm_disk",
      "provider": "provider[\"registry.terraform.io/dmacvicar/libvirt\"]",
      "instances": [
        {
          "schema_version": 0,
          "attributes": {
            "base_volume_id": null,
            "base_volume_name": null,
            "base_volume_pool": null,
            "format": "qcow2",
            "id": "/var/lib/libvirt/images/server02-disk",
            "name": "server02-disk",
            "pool": "default",
            "size": 26843545600,
            "source": "/var/lib/libvirt/images/amazon/al2023-kvm-2023.5.20240916.0-kernel-6.1-x86_64.xfs.gpt.qcow2",
            "xml": []
          },
          "sensitive_attributes": [],
          "private": "bnVsbA=="
        }
      ]
    },
    {
      "module": "module.server[\"server03\"]",
      "mode": "managed",
      "type": "libvirt_domain",
      "name": "vm",
      "provider": "provider[\"registry.terraform.io/dmacvicar/libvirt\"]",
      "instances": [
        {
          "schema_version": 0,
          "attributes": {
            "arch": "x86_64",
            "autostart": false,
            "boot_device": [
              {
                "dev": [
                  "cdrom",
                  "hd"
                ]
              }
            ],
            "cloudinit": "/var/lib/libvirt/images/commoninit.iso;f32836e8-e5eb-4180-a970-8cac1bcbf834",
            "cmdline": null,
            "console": [
              {
                "source_host": "127.0.0.1",
                "source_path": "",
                "source_service": "0",
                "target_port": "0",
                "target_type": "serial",
                "type": "pty"
              }
            ],
            "coreos_ignition": null,
            "cpu": [
              {
                "mode": "host-passthrough"
              }
            ],
            "description": "",
            "disk": [
              {
                "block_device": "",
                "file": "",
                "scsi": true,
                "url": "",
                "volume_id": "/var/lib/libvirt/images/server03-disk",
                "wwn": "05abcd9ec815a9ce"
              }
            ],
            "emulator": "/usr/bin/qemu-system-x86_64",
            "filesystem": [],
            "firmware": "/usr/share/OVMF/OVMF_CODE_4M.fd",
            "fw_cfg_name": "opt/com.coreos/config",
            "graphics": [
              {
                "autoport": true,
                "listen_address": "127.0.0.1",
                "listen_type": "none",
                "type": "spice",
                "websocket": 0
              }
            ],
            "id": "039e7f19-9eb2-44ee-86b2-6e8a1e96a304",
            "initrd": "",
            "kernel": "",
            "machine": "ubuntu",
            "memory": 1024,
            "metadata": null,
            "name": "server03",
            "network_interface": [
              {
                "addresses": [
                  "192.168.122.84"
                ],
                "bridge": "",
                "hostname": "",
                "mac": "52:54:00:56:22:ED",
                "macvtap": "",
                "network_id": "bf901e84-94e0-4c52-bc04-b1176a677a27",
                "network_name": "default",
                "passthrough": "",
                "vepa": "",
                "wait_for_lease": true
              }
            ],
            "nvram": [
              {
                "file": "/var/lib/libvirt/qemu/nvram/server03_VARS.fd",
                "template": "/usr/share/OVMF/OVMF_VARS_4M.fd"
              }
            ],
            "qemu_agent": false,
            "running": true,
            "timeouts": null,
            "tpm": [],
            "vcpu": 1,
            "video": [],
            "xml": []
          },
          "sensitive_attributes": [],
          "private": "eyJlMmJmYjczMC1lY2FhLTExZTYtOGY4OC0zNDM2M2JjN2M0YzAiOnsiY3JlYXRlIjozMDAwMDAwMDAwMDB9fQ==",
          "dependencies": [
            "libvirt_cloudinit_disk.commoninit",
            "module.server.libvirt_volume.vm_disk"
          ]
        }
      ]
    },
    {
      "module": "module.server[\"server03\"]",
      "mode": "managed",
      "type": "libvirt_volume",
      "name": "vm_disk",
      "provider": "provider[\"registry.terraform.io/dmacvicar/libvirt\"]",
      "instances": [
        {
          "schema_version": 0,
          "attributes": {
            "base_volume_id": null,
            "base_volume_name": null,
            "base_volume_pool": null,
            "format": "qcow2",
            "id": "/var/lib/libvirt/images/server03-disk",
            "name": "server03-disk",
            "pool": "default",
            "size": 26843545600,
            "source": "/var/lib/libvirt/images/amazon/al2023-kvm-2023.5.20240916.0-kernel-6.1-x86_64.xfs.gpt.qcow2",
            "xml": []
          },
          "sensitive_attributes": [],
          "private": "bnVsbA=="
        }
      ]
    }
  ],
  "check_results": null
}
